# This file is autogenerated, do not edit; changes may be undone by the next 'dep ensure'.


[[projects]]
  digest = "1:85a01d9d6f6549dc9c49d91f6ca1b287f766142806e1ba3e5053d5a1356415b9"
  name = "github.com/Iwark/text2img"
  packages = ["."]
  pruneopts = "UT"
  revision = "f2bc329196d741c6b1487e987206e0099826d058"
  version = "1.0.0"

[[projects]]
  branch = "master"
  digest = "1:2ced4d0d9e19326ffecaa5280a6a92a4d16f452497664d7e6bef514b3bb47687"
  name = "github.com/VG-Tech-Dojo/treasure2018-group-f"
  packages = ["model"]
  pruneopts = "UT"
  revision = "c3f1a0b704edfc3eca8de03b4bd4ee4f1dd464fb"

[[projects]]
  digest = "1:af6a588c8f36d7b8d2050a4471d735bddb65b44e18e0f7bb048d26280898555d"
  name = "github.com/aws/aws-sdk-go"
  packages = [
    "aws",
    "aws/awserr",
    "aws/awsutil",
    "aws/client",
    "aws/client/metadata",
    "aws/corehandlers",
    "aws/credentials",
    "aws/credentials/ec2rolecreds",
    "aws/credentials/endpointcreds",
    "aws/credentials/stscreds",
    "aws/csm",
    "aws/defaults",
    "aws/ec2metadata",
    "aws/endpoints",
    "aws/request",
    "aws/session",
    "aws/signer/v4",
    "internal/ini",
    "internal/s3err",
    "internal/sdkio",
    "internal/sdkrand",
    "internal/sdkuri",
    "internal/shareddefaults",
    "private/protocol",
    "private/protocol/eventstream",
    "private/protocol/eventstream/eventstreamapi",
    "private/protocol/query",
    "private/protocol/query/queryutil",
    "private/protocol/rest",
    "private/protocol/restxml",
    "private/protocol/xml/xmlutil",
    "service/s3",
    "service/sts",
  ]
  pruneopts = "UT"
  revision = "34ab03ee1a2b90b3baf97ff666397c8fb9b8714b"
  version = "v1.15.64"

[[projects]]
  branch = "master"
  digest = "1:7a6377256f670508711c56c25556d639e673c0fa0f519c5a758fdcbfc8af9ac8"
  name = "github.com/golang/freetype"
  packages = [
    ".",
    "raster",
    "truetype",
  ]
  pruneopts = "UT"
  revision = "e2365dfdc4a05e4b8299a783240d4a7d5a65d4e4"

[[projects]]
  digest = "1:e22af8c7518e1eab6f2eab2b7d7558927f816262586cd6ed9f349c97a6c285c4"
  name = "github.com/jmespath/go-jmespath"
  packages = ["."]
  pruneopts = "UT"
  revision = "0b12d6b5"

[[projects]]
  branch = "master"
  digest = "1:d8715388cdd077d4b5e477e92e93e8c2c16c5f8cdc1f79b0ef2616ef8ea09f9f"
  name = "github.com/jmoiron/sqlx"
  packages = [
    ".",
    "reflectx",
  ]
  pruneopts = "UT"
  revision = "82935fac6c1a317907c8f43ed3f7f85ea844a78b"

[[projects]]
  branch = "master"
  digest = "1:34534b73e925d20cc72cf202f8b482fdcbe3a1b113e19375f31aadabd0f0f97d"
  name = "github.com/nfnt/resize"
  packages = ["."]
  pruneopts = "UT"
  revision = "83c6a9932646f83e3267f353373d47347b6036b2"

[[projects]]
  branch = "master"
  digest = "1:1ecf2a49df33be51e757d0033d5d51d5f784f35f68e5a38f797b2d3f03357d71"
  name = "golang.org/x/crypto"
  packages = [
    "bcrypt",
    "blowfish",
  ]
  pruneopts = "UT"
  revision = "e84da0312774c21d64ee2317962ef669b27ffb41"

[[projects]]
  branch = "master"
  digest = "1:09c175055d303dadf3f82513c66e6da0b95ba22bc8e5d267a2674d16d95ea77a"
  name = "golang.org/x/image"
  packages = [
    "font",
    "font/basicfont",
    "font/plan9font",
    "math/fixed",
  ]
  pruneopts = "UT"
  revision = "991ec62608f3c0da01d400756917825d1e2fd528"

[[projects]]
  digest = "1:a4b04b5314d49a67ad022fa7693453ee2b823ab99314f52fa3930ed31085dfef"
  name = "gopkg.in/guregu/null.v3"
  packages = ["."]
  pruneopts = "UT"
  revision = "80515d440932108546bcade467bb7d6968e812e2"
  version = "v3.4.0"

[solve-meta]
  analyzer-name = "dep"
  analyzer-version = 1
  input-imports = [
    "github.com/Iwark/text2img",
    "github.com/VG-Tech-Dojo/treasure2018-group-f/model",
    "github.com/nfnt/resize",
    "gopkg.in/guregu/null.v3",
  ]
  solver-name = "gps-cdcl"
  solver-version = 1
